shortcutName: Disable Auto-Lock
downloadLink: https://www.icloud.com/attachment/?u=https%3A%2F%2Fcvws.icloud-content.com%2FB%2FAZUWrWXHxxB5J_Wv92IqzNgWyW5XATOTuM_9jQ9mQWkhB-4SjT0NNwEY%2F%24%7Bf%7D%3Fo%3DAj8iKcr_VX6f1pzwKYhzM91yzDsoSM4oNsUM3sOX99jM%26v%3D1%26x%3D3%26a%3DCAogwVhAy23xsJbu3Tppl8SGpxagHhC1dxQZ5Jm3ZTjBpOwSbRD7pfmkjTIY-7X0-JYyIgEAUgQWyW5XWgQNNwEYaiZTxUtvgCR7T8genAQ8_KL1Gp8SqdFo_H0yz8iTevNRN0MyrpSdd3ImZoyRoNfZUAX8OEXoN0nuRlxNeIppVZo9-rxJJlVurTu-RjHjj5A%26e%3D1724146064%26fl%3D%26r%3D53791643-75A2-4EEE-B801-784664C40239-1%26k%3D%24%7Buk%7D%26ckc%3Dcom.apple.clouddocs%26ckz%3Dcom.apple.CloudDocs%26p%3D108%26s%3DXbULNog7kOlAwPbndgW4mmXKhPU&uk=YI4LXfxdLWYjfWMiVQmyqA&f=Disable%20Auto-Lock.shortcut&sz=26851
category: iPhone Settings 
actionsCount: 3