shortcutName: Enable Auto-Lock
downloadLink: https://www.icloud.com/attachment/?u=https%3A%2F%2Fcvws.icloud-content.com%2FB%2FAdgKO8C3bbvoU6nJvLQXtbsjgThbAW3cKkkpx7gKXS8uyN7IHrkopdTP%2F%24%7Bf%7D%3Fo%3DAp9vkn2-FjZUoCo-lYAT5Nz9mZnY8RnLFTF0gbFA1iv9%26v%3D1%26x%3D3%26a%3DCAogCuBF3x8IFUdHCUnwR_V7QW25ZuU5cqD9f6Yrv-nGtn4SbRChofmkjTIYobH0-JYyIgEAUgQjgThbWgQopdTPaiZqY5gYtfwX7R0RikztRBI127-ge-5T9txgl1I8qBRmZc7Vzzhd03Im6WQr2RBGWzYMSYto1XLwZwhga2BgUTa7rRcuGDpP9ayNjd14tFM%26e%3D1724146063%26fl%3D%26r%3DFEF57921-9BBE-4E78-8CCF-DFED3F6C5C82-1%26k%3D%24%7Buk%7D%26ckc%3Dcom.apple.clouddocs%26ckz%3Dcom.apple.CloudDocs%26p%3D108%26s%3DMBGS0YO-EocvZ8a77rqAIAbqP2g&uk=YecDMD2FQYsz6sBHObKHjA&f=Enable%20Auto-Lock.shortcut&sz=26860
category: iPhone Settings 
actionsCount: 3