shortcutName: Death Clock
downloadLink: https://www.icloud.com/attachment/?u=https%3A%2F%2Fcvws.icloud-content.com%2FB%2FAUNnk0ry9aD4kQw5At_rb2ZgmIjwAU6FKDDTW0iPAfuibum8Z1uCWmpT%2F%24%7Bf%7D%3Fo%3DAteHyQqxSCwB0nVta62nYgUbiv9aZ5N8FOzPu1khGL0J%26v%3D1%26x%3D3%26a%3DCAog_E48kMrv2cClXaG4KjP8NkY09fsCBUweJbGmOCUO6zASbRCB1O-kjTIYgeTq-JYyIgEAUgRgmIjwWgSCWmpTaiar-pshdOr0cvGd3n7OLLx7_fQRWHL2mZtVmibEQT_wCBUDZ_JspnImXs5twcxQHG5i4nZGKYAu1tjkb_vcRlbu8uCrsyX71Crwa7LvdOI%26e%3D1724145906%26fl%3D%26r%3D0A5E78F6-FF47-4B61-965E-54435DF322A0-1%26k%3D%24%7Buk%7D%26ckc%3Dcom.apple.clouddocs%26ckz%3Dcom.apple.CloudDocs%26p%3D108%26s%3De-kh013I0wQyhX2Mv9xzVaKQ2bM&uk=O5sExbzMHN7pHYRkWVM2WA&f=Death%20Clock.shortcut&sz=27961
category: Good Evening 
actionsCount: 8